
Microsoft Visual Studio Solution File, Format Version 12.00
# Visual Studio Version 16
VisualStudioVersion = 16.0.30204.135
MinimumVisualStudioVersion = 10.0.40219.1
Project("{FAE04EC0-301F-11D3-BF4B-00C04F79EFBC}") = "sample_6_6", "sample_6_6\sample_6_6.csproj", "{20653850-57A2-498A-891F-6EACF36712DA}"
EndProject
Global
	GlobalSection(SolutionConfigurationPlatforms) = preSolution
		Debug|Any CPU = Debug|Any CPU
		Release|Any CPU = Release|Any CPU
	EndGlobalSection
	GlobalSection(ProjectConfigurationPlatforms) = postSolution
		{20653850-57A2-498A-891F-6EACF36712DA}.Debug|Any CPU.ActiveCfg = Debug|Any CPU
		{20653850-57A2-498A-891F-6EACF36712DA}.Debug|Any CPU.Build.0 = Debug|Any CPU
		{20653850-57A2-498A-891F-6EACF36712DA}.Release|Any CPU.ActiveCfg = Release|Any CPU
		{20653850-57A2-498A-891F-6EACF36712DA}.Release|Any CPU.Build.0 = Release|Any CPU
	EndGlobalSection
	GlobalSection(SolutionProperties) = preSolution
		HideSolutionNode = FALSE
	EndGlobalSection
	GlobalSection(ExtensibilityGlobals) = postSolution
		SolutionGuid = {C33A711D-F975-4ECB-B2E7-59781A3E5C3F}
	EndGlobalSection
EndGlobal
